
Microsoft Visual Studio Solution File, Format Version 12.00
# Visual Studio 15
VisualStudioVersion = 15.0.27703.2047
MinimumVisualStudioVersion = 10.0.40219.1
Project("{FAE04EC0-301F-11D3-BF4B-00C04F79EFBC}") = "TestabilityRaw", "TestabilityRaw.csproj", "{50AC3291-F498-444D-BB1F-043516B87D0A}"
EndProject
Project("{FAE04EC0-301F-11D3-BF4B-00C04F79EFBC}") = "TestabilityRaw.UnitTest", "..\..\TestabilityRaw\TestabilityRaw.UnitTest\TestabilityRaw.UnitTest.csproj", "{2E73389D-52D9-49DE-903F-E51BA877EF45}"
EndProject
Global
	GlobalSection(SolutionConfigurationPlatforms) = preSolution
		Debug|Any CPU = Debug|Any CPU
		Release|Any CPU = Release|Any CPU
	EndGlobalSection
	GlobalSection(ProjectConfigurationPlatforms) = postSolution
		{50AC3291-F498-444D-BB1F-043516B87D0A}.Debug|Any CPU.ActiveCfg = Debug|Any CPU
		{50AC3291-F498-444D-BB1F-043516B87D0A}.Debug|Any CPU.Build.0 = Debug|Any CPU
		{50AC3291-F498-444D-BB1F-043516B87D0A}.Release|Any CPU.ActiveCfg = Release|Any CPU
		{50AC3291-F498-444D-BB1F-043516B87D0A}.Release|Any CPU.Build.0 = Release|Any CPU
		{2E73389D-52D9-49DE-903F-E51BA877EF45}.Debug|Any CPU.ActiveCfg = Debug|Any CPU
		{2E73389D-52D9-49DE-903F-E51BA877EF45}.Debug|Any CPU.Build.0 = Debug|Any CPU
		{2E73389D-52D9-49DE-903F-E51BA877EF45}.Release|Any CPU.ActiveCfg = Release|Any CPU
		{2E73389D-52D9-49DE-903F-E51BA877EF45}.Release|Any CPU.Build.0 = Release|Any CPU
	EndGlobalSection
	GlobalSection(SolutionProperties) = preSolution
		HideSolutionNode = FALSE
	EndGlobalSection
	GlobalSection(ExtensibilityGlobals) = postSolution
		SolutionGuid = {59B40D86-CD09-467B-981E-DE7EE02BFD74}
	EndGlobalSection
EndGlobal
